
Microsoft Visual Studio Solution File, Format Version 12.00
# Visual Studio Version 17
VisualStudioVersion = 17.3.32825.248
MinimumVisualStudioVersion = 10.0.40219.1
Project("{9A19103F-16F7-4668-BE54-9A1E7A4F7556}") = "Topic_1_Generics", "Topic_1_Generics.csproj", "{CABD3ECE-5916-425C-BBDE-31000A108E82}"
EndProject
Project("{9A19103F-16F7-4668-BE54-9A1E7A4F7556}") = "Topic_2_Exceptions", "..\Topic_2_Exceptions\Topic_2_Exceptions.csproj", "{E74D0383-56A1-408B-9210-61679E15659F}"
EndProject
Project("{FAE04EC0-301F-11D3-BF4B-00C04F79EFBC}") = "ExtensionMethods", "..\ExtensionMethods\ExtensionMethods.csproj", "{E4241044-AD19-4661-9FD6-5DB88A8A2A15}"
EndProject
Global
	GlobalSection(SolutionConfigurationPlatforms) = preSolution
		Debug|Any CPU = Debug|Any CPU
		Release|Any CPU = Release|Any CPU
	EndGlobalSection
	GlobalSection(ProjectConfigurationPlatforms) = postSolution
		{CABD3ECE-5916-425C-BBDE-31000A108E82}.Debug|Any CPU.ActiveCfg = Debug|Any CPU
		{CABD3ECE-5916-425C-BBDE-31000A108E82}.Debug|Any CPU.Build.0 = Debug|Any CPU
		{CABD3ECE-5916-425C-BBDE-31000A108E82}.Release|Any CPU.ActiveCfg = Release|Any CPU
		{CABD3ECE-5916-425C-BBDE-31000A108E82}.Release|Any CPU.Build.0 = Release|Any CPU
		{E74D0383-56A1-408B-9210-61679E15659F}.Debug|Any CPU.ActiveCfg = Debug|Any CPU
		{E74D0383-56A1-408B-9210-61679E15659F}.Debug|Any CPU.Build.0 = Debug|Any CPU
		{E74D0383-56A1-408B-9210-61679E15659F}.Release|Any CPU.ActiveCfg = Release|Any CPU
		{E74D0383-56A1-408B-9210-61679E15659F}.Release|Any CPU.Build.0 = Release|Any CPU
		{E4241044-AD19-4661-9FD6-5DB88A8A2A15}.Debug|Any CPU.ActiveCfg = Debug|Any CPU
		{E4241044-AD19-4661-9FD6-5DB88A8A2A15}.Debug|Any CPU.Build.0 = Debug|Any CPU
		{E4241044-AD19-4661-9FD6-5DB88A8A2A15}.Release|Any CPU.ActiveCfg = Release|Any CPU
		{E4241044-AD19-4661-9FD6-5DB88A8A2A15}.Release|Any CPU.Build.0 = Release|Any CPU
	EndGlobalSection
	GlobalSection(SolutionProperties) = preSolution
		HideSolutionNode = FALSE
	EndGlobalSection
	GlobalSection(ExtensibilityGlobals) = postSolution
		SolutionGuid = {C5056CBA-3887-4720-8C3C-9B99DA454F8A}
	EndGlobalSection
EndGlobal
