
Microsoft Visual Studio Solution File, Format Version 12.00
# Visual Studio Version 17
VisualStudioVersion = 17.3.32825.248
MinimumVisualStudioVersion = 10.0.40219.1
Project("{9A19103F-16F7-4668-BE54-9A1E7A4F7556}") = "Topic_7_Structs_UnitTests", "Topic_7_Structs_UnitTests.csproj", "{6F278FCC-31D9-432A-BB85-1A3EC9AAE1B9}"
EndProject
Project("{FAE04EC0-301F-11D3-BF4B-00C04F79EFBC}") = "TestProject1", "..\TestProject1\TestProject1.csproj", "{8BE1E1D1-C075-47EE-9A25-554299FF86E1}"
	ProjectSection(ProjectDependencies) = postProject
		{6F278FCC-31D9-432A-BB85-1A3EC9AAE1B9} = {6F278FCC-31D9-432A-BB85-1A3EC9AAE1B9}
	EndProjectSection
EndProject
Project("{FAE04EC0-301F-11D3-BF4B-00C04F79EFBC}") = "TestProject2", "..\TestProject2\TestProject2.csproj", "{B268F620-17FB-4E47-90AB-9AF2176188AD}"
EndProject
Global
	GlobalSection(SolutionConfigurationPlatforms) = preSolution
		Debug|Any CPU = Debug|Any CPU
		Release|Any CPU = Release|Any CPU
	EndGlobalSection
	GlobalSection(ProjectConfigurationPlatforms) = postSolution
		{6F278FCC-31D9-432A-BB85-1A3EC9AAE1B9}.Debug|Any CPU.ActiveCfg = Debug|Any CPU
		{6F278FCC-31D9-432A-BB85-1A3EC9AAE1B9}.Debug|Any CPU.Build.0 = Debug|Any CPU
		{6F278FCC-31D9-432A-BB85-1A3EC9AAE1B9}.Release|Any CPU.ActiveCfg = Release|Any CPU
		{6F278FCC-31D9-432A-BB85-1A3EC9AAE1B9}.Release|Any CPU.Build.0 = Release|Any CPU
		{8BE1E1D1-C075-47EE-9A25-554299FF86E1}.Debug|Any CPU.ActiveCfg = Debug|Any CPU
		{8BE1E1D1-C075-47EE-9A25-554299FF86E1}.Debug|Any CPU.Build.0 = Debug|Any CPU
		{8BE1E1D1-C075-47EE-9A25-554299FF86E1}.Release|Any CPU.ActiveCfg = Release|Any CPU
		{8BE1E1D1-C075-47EE-9A25-554299FF86E1}.Release|Any CPU.Build.0 = Release|Any CPU
		{B268F620-17FB-4E47-90AB-9AF2176188AD}.Debug|Any CPU.ActiveCfg = Debug|Any CPU
		{B268F620-17FB-4E47-90AB-9AF2176188AD}.Debug|Any CPU.Build.0 = Debug|Any CPU
		{B268F620-17FB-4E47-90AB-9AF2176188AD}.Release|Any CPU.ActiveCfg = Release|Any CPU
		{B268F620-17FB-4E47-90AB-9AF2176188AD}.Release|Any CPU.Build.0 = Release|Any CPU
	EndGlobalSection
	GlobalSection(SolutionProperties) = preSolution
		HideSolutionNode = FALSE
	EndGlobalSection
	GlobalSection(ExtensibilityGlobals) = postSolution
		SolutionGuid = {AEEA450A-6726-4C8F-9F17-01AA5AC67F96}
	EndGlobalSection
EndGlobal
