
Microsoft Visual Studio Solution File, Format Version 12.00
# Visual Studio Version 17
VisualStudioVersion = 17.3.32825.248
MinimumVisualStudioVersion = 10.0.40219.1
Project("{FAE04EC0-301F-11D3-BF4B-00C04F79EFBC}") = "EF_Core", "EF_Core.csproj", "{6FEF75FF-00C8-4F4B-A461-01847627D41E}"
EndProject
Global
	GlobalSection(SolutionConfigurationPlatforms) = preSolution
		Debug|Any CPU = Debug|Any CPU
		Release|Any CPU = Release|Any CPU
	EndGlobalSection
	GlobalSection(ProjectConfigurationPlatforms) = postSolution
		{6FEF75FF-00C8-4F4B-A461-01847627D41E}.Debug|Any CPU.ActiveCfg = Debug|Any CPU
		{6FEF75FF-00C8-4F4B-A461-01847627D41E}.Debug|Any CPU.Build.0 = Debug|Any CPU
		{6FEF75FF-00C8-4F4B-A461-01847627D41E}.Release|Any CPU.ActiveCfg = Release|Any CPU
		{6FEF75FF-00C8-4F4B-A461-01847627D41E}.Release|Any CPU.Build.0 = Release|Any CPU
	EndGlobalSection
	GlobalSection(SolutionProperties) = preSolution
		HideSolutionNode = FALSE
	EndGlobalSection
	GlobalSection(ExtensibilityGlobals) = postSolution
		SolutionGuid = {A4F81B1B-4960-48A8-B3AD-A216D746EEE8}
	EndGlobalSection
EndGlobal
