
Microsoft Visual Studio Solution File, Format Version 12.00
# Visual Studio Version 17
VisualStudioVersion = 17.3.32825.248
MinimumVisualStudioVersion = 10.0.40219.1
Project("{FAE04EC0-301F-11D3-BF4B-00C04F79EFBC}") = "EF_Core_Example", "EF_Core_Example.csproj", "{CEE4A636-C291-4D9F-B43E-A14A6D66F707}"
EndProject
Global
	GlobalSection(SolutionConfigurationPlatforms) = preSolution
		Debug|Any CPU = Debug|Any CPU
		Release|Any CPU = Release|Any CPU
	EndGlobalSection
	GlobalSection(ProjectConfigurationPlatforms) = postSolution
		{CEE4A636-C291-4D9F-B43E-A14A6D66F707}.Debug|Any CPU.ActiveCfg = Debug|Any CPU
		{CEE4A636-C291-4D9F-B43E-A14A6D66F707}.Debug|Any CPU.Build.0 = Debug|Any CPU
		{CEE4A636-C291-4D9F-B43E-A14A6D66F707}.Release|Any CPU.ActiveCfg = Release|Any CPU
		{CEE4A636-C291-4D9F-B43E-A14A6D66F707}.Release|Any CPU.Build.0 = Release|Any CPU
	EndGlobalSection
	GlobalSection(SolutionProperties) = preSolution
		HideSolutionNode = FALSE
	EndGlobalSection
	GlobalSection(ExtensibilityGlobals) = postSolution
		SolutionGuid = {8ACB266A-A131-475E-926D-A0D680E9A7D1}
	EndGlobalSection
EndGlobal
