
Microsoft Visual Studio Solution File, Format Version 12.00
# Visual Studio Version 17
VisualStudioVersion = 17.3.32825.248
MinimumVisualStudioVersion = 10.0.40219.1
Project("{FAE04EC0-301F-11D3-BF4B-00C04F79EFBC}") = "Topic_2_Varaibles_Logic_Operators", "Topic_2_Varaibles_Logic_Operators.csproj", "{68FE7CA2-D7B0-48FD-AEE9-6410F874342C}"
EndProject
Global
	GlobalSection(SolutionConfigurationPlatforms) = preSolution
		Debug|Any CPU = Debug|Any CPU
		Release|Any CPU = Release|Any CPU
	EndGlobalSection
	GlobalSection(ProjectConfigurationPlatforms) = postSolution
		{68FE7CA2-D7B0-48FD-AEE9-6410F874342C}.Debug|Any CPU.ActiveCfg = Debug|Any CPU
		{68FE7CA2-D7B0-48FD-AEE9-6410F874342C}.Debug|Any CPU.Build.0 = Debug|Any CPU
		{68FE7CA2-D7B0-48FD-AEE9-6410F874342C}.Release|Any CPU.ActiveCfg = Release|Any CPU
		{68FE7CA2-D7B0-48FD-AEE9-6410F874342C}.Release|Any CPU.Build.0 = Release|Any CPU
	EndGlobalSection
	GlobalSection(SolutionProperties) = preSolution
		HideSolutionNode = FALSE
	EndGlobalSection
	GlobalSection(ExtensibilityGlobals) = postSolution
		SolutionGuid = {2D66F6E8-AF80-4BDA-AD49-C8316B791306}
	EndGlobalSection
EndGlobal
