
Microsoft Visual Studio Solution File, Format Version 12.00
# Visual Studio Version 17
VisualStudioVersion = 17.3.32825.248
MinimumVisualStudioVersion = 10.0.40219.1
Project("{9A19103F-16F7-4668-BE54-9A1E7A4F7556}") = "Topic_8_Library_OOP", "Topic_8_Library_OOP.csproj", "{9E829CA3-BC11-47DE-ACF1-C7555BFB071D}"
EndProject
Project("{9A19103F-16F7-4668-BE54-9A1E7A4F7556}") = "Lesson08.BookStruct", "..\Lesson08.BookStruct\Lesson08.BookStruct.csproj", "{D34438F3-F708-4E89-80FF-E8FC33189C19}"
EndProject
Project("{FAE04EC0-301F-11D3-BF4B-00C04F79EFBC}") = "TestProject", "..\TestProject\TestProject.csproj", "{5689783B-0036-4BDC-8A27-7C1497B421DA}"
EndProject
Global
	GlobalSection(SolutionConfigurationPlatforms) = preSolution
		Debug|Any CPU = Debug|Any CPU
		Release|Any CPU = Release|Any CPU
	EndGlobalSection
	GlobalSection(ProjectConfigurationPlatforms) = postSolution
		{9E829CA3-BC11-47DE-ACF1-C7555BFB071D}.Debug|Any CPU.ActiveCfg = Debug|Any CPU
		{9E829CA3-BC11-47DE-ACF1-C7555BFB071D}.Debug|Any CPU.Build.0 = Debug|Any CPU
		{9E829CA3-BC11-47DE-ACF1-C7555BFB071D}.Release|Any CPU.ActiveCfg = Release|Any CPU
		{9E829CA3-BC11-47DE-ACF1-C7555BFB071D}.Release|Any CPU.Build.0 = Release|Any CPU
		{D34438F3-F708-4E89-80FF-E8FC33189C19}.Debug|Any CPU.ActiveCfg = Debug|Any CPU
		{D34438F3-F708-4E89-80FF-E8FC33189C19}.Debug|Any CPU.Build.0 = Debug|Any CPU
		{D34438F3-F708-4E89-80FF-E8FC33189C19}.Release|Any CPU.ActiveCfg = Release|Any CPU
		{D34438F3-F708-4E89-80FF-E8FC33189C19}.Release|Any CPU.Build.0 = Release|Any CPU
		{5689783B-0036-4BDC-8A27-7C1497B421DA}.Debug|Any CPU.ActiveCfg = Debug|Any CPU
		{5689783B-0036-4BDC-8A27-7C1497B421DA}.Debug|Any CPU.Build.0 = Debug|Any CPU
		{5689783B-0036-4BDC-8A27-7C1497B421DA}.Release|Any CPU.ActiveCfg = Release|Any CPU
		{5689783B-0036-4BDC-8A27-7C1497B421DA}.Release|Any CPU.Build.0 = Release|Any CPU
	EndGlobalSection
	GlobalSection(SolutionProperties) = preSolution
		HideSolutionNode = FALSE
	EndGlobalSection
	GlobalSection(ExtensibilityGlobals) = postSolution
		SolutionGuid = {60A2B97F-BFAE-460B-843A-FC8E8621772E}
	EndGlobalSection
EndGlobal
